Microsoft Visual Studio Solution File, Format Version 12.00
# Visual Studio Version 17
VisualStudioVersion = 17.8.34322.80
MinimumVisualStudioVersion = 10.0.40219.1
Project("{9A19103F-16F7-4668-BE54-9A1E7A4F7556}") = "AdaTech.AIntelligence.WebAPI", "AdaTech.AIntelligence.WebAPI\AdaTech.AIntelligence.WebAPI.csproj", "{83DE7A57-887D-40CC-910E-BF95E33E4AC5}"
EndProject
Project("{2150E333-8FDC-42A3-9474-1A3956D46DE8}") = "src", "src", "{1D27913F-F3A1-4B52-B79E-EEF02C0836CF}"
EndProject
Project("{2150E333-8FDC-42A3-9474-1A3956D46DE8}") = "AdaTech.AIntelligence.Presentation", "AdaTech.AIntelligence.Presentation", "{3CE98631-A05E-43F0-BA6A-2CBA5F293FD4}"
EndProject
Project("{2150E333-8FDC-42A3-9474-1A3956D46DE8}") = "AdaTech.AIntelligence.Domain", "AdaTech.AIntelligence.Domain", "{3C2C4765-57B9-47E1-9899-8B59E21DC1B8}"
EndProject
Project("{2150E333-8FDC-42A3-9474-1A3956D46DE8}") = "AdaTech.AIntelligence.Application", "AdaTech.AIntelligence.Application", "{40E8C7B5-5B26-4D11-BD57-0E3408E43279}"
EndProject
Project("{2150E333-8FDC-42A3-9474-1A3956D46DE8}") = "AdaTech.AIntelligence.Infra", "AdaTech.AIntelligence.Infra", "{7625578D-3775-4783-9360-D8D97C5BFE3B}"
EndProject
Project("{2150E333-8FDC-42A3-9474-1A3956D46DE8}") = "test", "test", "{BC1515D0-CE51-4AFE-B29A-AE21AB01DCD3}"
EndProject
Project("{9A19103F-16F7-4668-BE54-9A1E7A4F7556}") = "AdaTech.AIntelligence.Service", "AdaTech.AIntelligence.Service\AdaTech.AIntelligence.Service.csproj", "{F70FB5B2-3A6D-4E7A-ABC8-B106BD6501DB}"
EndProject
Project("{9A19103F-16F7-4668-BE54-9A1E7A4F7556}") = "AdaTech.AIntelligence.Entities", "AdaTech.AIntelligence.Entities\AdaTech.AIntelligence.Entities.csproj", "{178CDA6D-69FA-436F-B946-0D593BDF7DE1}"
EndProject
Project("{2150E333-8FDC-42A3-9474-1A3956D46DE8}") = "AdaTech.AIntelligence.Common", "AdaTech.AIntelligence.Common", "{5F2CC1A6-AA1C-44F8-9F7B-4F6717FB2D1A}"
EndProject
Project("{9A19103F-16F7-4668-BE54-9A1E7A4F7556}") = "AdaTech.AIntelligence.IoC", "AdaTech.AIntelligence.IoC\AdaTech.AIntelligence.IoC.csproj", "{F3B04655-246A-473C-9337-AFDE61EAA274}"
EndProject
Project("{2150E333-8FDC-42A3-9474-1A3956D46DE8}") = "AdaTech.AIntelligence.Helper", "AdaTech.AIntelligence.Helper", "{FDFAD52E-C132-4039-9520-00C20BD1FD7A}"
EndProject
Project("{9A19103F-16F7-4668-BE54-9A1E7A4F7556}") = "AdaTech.AIntelligence.Configuration", "AdaTech.AIntelligence.Configuration\AdaTech.AIntelligence.Configuration.csproj", "{40C2D7A8-E0AD-4217-AAEE-21D66DB5A5E8}"
EndProject
Project("{9A19103F-16F7-4668-BE54-9A1E7A4F7556}") = "AdaTech.AIntelligence.Tests", "AdaTech.AIntelligence.Tests\AdaTech.AIntelligence.Tests.csproj", "{DB6DDE16-646B-4615-8E48-C7615CFEF438}"
EndProject
Project("{2150E333-8FDC-42A3-9474-1A3956D46DE8}") = "ocr", "ocr", "{76C2EF49-81D5-4B08-A504-8BBCBE50447C}"
EndProject
Project("{2150E333-8FDC-42A3-9474-1A3956D46DE8}") = "AdaTech.AIntelligence.OCR.Presentation", "AdaTech.AIntelligence.OCR.Presentation", "{8A05A679-DD96-481F-BFD0-F4371C2D651B}"
EndProject
Project("{9A19103F-16F7-4668-BE54-9A1E7A4F7556}") = "AdaTech.AIntelligence.OCR.WebAPI", "AdaTech.AIntelligence.OCR.WebAPI\AdaTech.AIntelligence.OCR.WebAPI.csproj", "{C4A29B36-91FC-4E35-A896-2B898F1A4013}"
EndProject
Project("{2150E333-8FDC-42A3-9474-1A3956D46DE8}") = "AdaTech.AIntelligence.OCR.Application", "AdaTech.AIntelligence.OCR.Application", "{29A73D76-D132-4268-9E39-C2B9138D6584}"
EndProject
Project("{9A19103F-16F7-4668-BE54-9A1E7A4F7556}") = "AdaTech.AIntelligence.OCR.Services", "AdaTech.AIntelligence.OCR.Services\AdaTech.AIntelligence.OCR.Services.csproj", "{BC7415FF-59BD-4EB0-8514-54030776A5DC}"
EndProject
Project("{2150E333-8FDC-42A3-9474-1A3956D46DE8}") = "package", "package", "{4C9204E7-86B7-4EBF-9350-E5FA57931CC7}"
EndProject
Project("{9A19103F-16F7-4668-BE54-9A1E7A4F7556}") = "AdaTech.AIntelligence.Attributes", "AdaTech.AIntelligence.Attributes\AdaTech.AIntelligence.Attributes.csproj", "{FE3F0FE4-7934-4025-BC0B-C2CA3FA50FD4}"
EndProject
Project("{9A19103F-16F7-4668-BE54-9A1E7A4F7556}") = "AdaTech.AIntelligence.DbLibrary", "AdaTech.AIntelligence.DbLibrary\AdaTech.AIntelligence.DbLibrary.csproj", "{157C30CA-96EC-41C9-9138-929339735D5D}"
EndProject
Project("{2150E333-8FDC-42A3-9474-1A3956D46DE8}") = "exceptions", "exceptions", "{DBE475A1-1010-45FA-A587-A4030B72693B}"
EndProject
Project("{FAE04EC0-301F-11D3-BF4B-00C04F79EFBC}") = "AdaTech.AIntelligence.Exceptions", "AdaTech.AIntelligence.Exceptions\AdaTech.AIntelligence.Exceptions.csproj", "{C0276C3A-7164-49D1-BA0D-B566CB12C1AC}"
EndProject
Global
	GlobalSection(SolutionConfigurationPlatforms) = preSolution
		Debug|Any CPU = Debug|Any CPU
		Release|Any CPU = Release|Any CPU
	EndGlobalSection
	GlobalSection(ProjectConfigurationPlatforms) = postSolution
		{83DE7A57-887D-40CC-910E-BF95E33E4AC5}.Debug|Any CPU.ActiveCfg = Debug|Any CPU
		{83DE7A57-887D-40CC-910E-BF95E33E4AC5}.Debug|Any CPU.Build.0 = Debug|Any CPU
		{83DE7A57-887D-40CC-910E-BF95E33E4AC5}.Release|Any CPU.ActiveCfg = Release|Any CPU
		{83DE7A57-887D-40CC-910E-BF95E33E4AC5}.Release|Any CPU.Build.0 = Release|Any CPU
		{F70FB5B2-3A6D-4E7A-ABC8-B106BD6501DB}.Debug|Any CPU.ActiveCfg = Debug|Any CPU
		{F70FB5B2-3A6D-4E7A-ABC8-B106BD6501DB}.Debug|Any CPU.Build.0 = Debug|Any CPU
		{F70FB5B2-3A6D-4E7A-ABC8-B106BD6501DB}.Release|Any CPU.ActiveCfg = Release|Any CPU
		{F70FB5B2-3A6D-4E7A-ABC8-B106BD6501DB}.Release|Any CPU.Build.0 = Release|Any CPU
		{178CDA6D-69FA-436F-B946-0D593BDF7DE1}.Debug|Any CPU.ActiveCfg = Debug|Any CPU
		{178CDA6D-69FA-436F-B946-0D593BDF7DE1}.Debug|Any CPU.Build.0 = Debug|Any CPU
		{178CDA6D-69FA-436F-B946-0D593BDF7DE1}.Release|Any CPU.ActiveCfg = Release|Any CPU
		{178CDA6D-69FA-436F-B946-0D593BDF7DE1}.Release|Any CPU.Build.0 = Release|Any CPU
		{F3B04655-246A-473C-9337-AFDE61EAA274}.Debug|Any CPU.ActiveCfg = Debug|Any CPU
		{F3B04655-246A-473C-9337-AFDE61EAA274}.Debug|Any CPU.Build.0 = Debug|Any CPU
		{F3B04655-246A-473C-9337-AFDE61EAA274}.Release|Any CPU.ActiveCfg = Release|Any CPU
		{F3B04655-246A-473C-9337-AFDE61EAA274}.Release|Any CPU.Build.0 = Release|Any CPU
		{40C2D7A8-E0AD-4217-AAEE-21D66DB5A5E8}.Debug|Any CPU.ActiveCfg = Debug|Any CPU
		{40C2D7A8-E0AD-4217-AAEE-21D66DB5A5E8}.Debug|Any CPU.Build.0 = Debug|Any CPU
		{40C2D7A8-E0AD-4217-AAEE-21D66DB5A5E8}.Release|Any CPU.ActiveCfg = Release|Any CPU
		{40C2D7A8-E0AD-4217-AAEE-21D66DB5A5E8}.Release|Any CPU.Build.0 = Release|Any CPU
		{DB6DDE16-646B-4615-8E48-C7615CFEF438}.Debug|Any CPU.ActiveCfg = Debug|Any CPU
		{DB6DDE16-646B-4615-8E48-C7615CFEF438}.Debug|Any CPU.Build.0 = Debug|Any CPU
		{DB6DDE16-646B-4615-8E48-C7615CFEF438}.Release|Any CPU.ActiveCfg = Release|Any CPU
		{DB6DDE16-646B-4615-8E48-C7615CFEF438}.Release|Any CPU.Build.0 = Release|Any CPU
		{C4A29B36-91FC-4E35-A896-2B898F1A4013}.Debug|Any CPU.ActiveCfg = Debug|Any CPU
		{C4A29B36-91FC-4E35-A896-2B898F1A4013}.Debug|Any CPU.Build.0 = Debug|Any CPU
		{C4A29B36-91FC-4E35-A896-2B898F1A4013}.Release|Any CPU.ActiveCfg = Release|Any CPU
		{C4A29B36-91FC-4E35-A896-2B898F1A4013}.Release|Any CPU.Build.0 = Release|Any CPU
		{BC7415FF-59BD-4EB0-8514-54030776A5DC}.Debug|Any CPU.ActiveCfg = Debug|Any CPU
		{BC7415FF-59BD-4EB0-8514-54030776A5DC}.Debug|Any CPU.Build.0 = Debug|Any CPU
		{BC7415FF-59BD-4EB0-8514-54030776A5DC}.Release|Any CPU.ActiveCfg = Release|Any CPU
		{BC7415FF-59BD-4EB0-8514-54030776A5DC}.Release|Any CPU.Build.0 = Release|Any CPU
		{FE3F0FE4-7934-4025-BC0B-C2CA3FA50FD4}.Debug|Any CPU.ActiveCfg = Debug|Any CPU
		{FE3F0FE4-7934-4025-BC0B-C2CA3FA50FD4}.Debug|Any CPU.Build.0 = Debug|Any CPU
		{FE3F0FE4-7934-4025-BC0B-C2CA3FA50FD4}.Release|Any CPU.ActiveCfg = Release|Any CPU
		{FE3F0FE4-7934-4025-BC0B-C2CA3FA50FD4}.Release|Any CPU.Build.0 = Release|Any CPU
		{157C30CA-96EC-41C9-9138-929339735D5D}.Debug|Any CPU.ActiveCfg = Debug|Any CPU
		{157C30CA-96EC-41C9-9138-929339735D5D}.Debug|Any CPU.Build.0 = Debug|Any CPU
		{157C30CA-96EC-41C9-9138-929339735D5D}.Release|Any CPU.ActiveCfg = Release|Any CPU
		{157C30CA-96EC-41C9-9138-929339735D5D}.Release|Any CPU.Build.0 = Release|Any CPU
		{C0276C3A-7164-49D1-BA0D-B566CB12C1AC}.Debug|Any CPU.ActiveCfg = Debug|Any CPU
		{C0276C3A-7164-49D1-BA0D-B566CB12C1AC}.Debug|Any CPU.Build.0 = Debug|Any CPU
		{C0276C3A-7164-49D1-BA0D-B566CB12C1AC}.Release|Any CPU.ActiveCfg = Release|Any CPU
		{C0276C3A-7164-49D1-BA0D-B566CB12C1AC}.Release|Any CPU.Build.0 = Release|Any CPU
	EndGlobalSection
	GlobalSection(SolutionProperties) = preSolution
		HideSolutionNode = FALSE
	EndGlobalSection
	GlobalSection(NestedProjects) = preSolution
		{83DE7A57-887D-40CC-910E-BF95E33E4AC5} = {3CE98631-A05E-43F0-BA6A-2CBA5F293FD4}
		{3CE98631-A05E-43F0-BA6A-2CBA5F293FD4} = {1D27913F-F3A1-4B52-B79E-EEF02C0836CF}
		{3C2C4765-57B9-47E1-9899-8B59E21DC1B8} = {1D27913F-F3A1-4B52-B79E-EEF02C0836CF}
		{40E8C7B5-5B26-4D11-BD57-0E3408E43279} = {1D27913F-F3A1-4B52-B79E-EEF02C0836CF}
		{7625578D-3775-4783-9360-D8D97C5BFE3B} = {1D27913F-F3A1-4B52-B79E-EEF02C0836CF}
		{F70FB5B2-3A6D-4E7A-ABC8-B106BD6501DB} = {40E8C7B5-5B26-4D11-BD57-0E3408E43279}
		{178CDA6D-69FA-436F-B946-0D593BDF7DE1} = {3C2C4765-57B9-47E1-9899-8B59E21DC1B8}
		{5F2CC1A6-AA1C-44F8-9F7B-4F6717FB2D1A} = {1D27913F-F3A1-4B52-B79E-EEF02C0836CF}
		{F3B04655-246A-473C-9337-AFDE61EAA274} = {5F2CC1A6-AA1C-44F8-9F7B-4F6717FB2D1A}
		{FDFAD52E-C132-4039-9520-00C20BD1FD7A} = {1D27913F-F3A1-4B52-B79E-EEF02C0836CF}
		{40C2D7A8-E0AD-4217-AAEE-21D66DB5A5E8} = {FDFAD52E-C132-4039-9520-00C20BD1FD7A}
		{DB6DDE16-646B-4615-8E48-C7615CFEF438} = {BC1515D0-CE51-4AFE-B29A-AE21AB01DCD3}
		{8A05A679-DD96-481F-BFD0-F4371C2D651B} = {76C2EF49-81D5-4B08-A504-8BBCBE50447C}
		{C4A29B36-91FC-4E35-A896-2B898F1A4013} = {8A05A679-DD96-481F-BFD0-F4371C2D651B}
		{29A73D76-D132-4268-9E39-C2B9138D6584} = {76C2EF49-81D5-4B08-A504-8BBCBE50447C}
		{BC7415FF-59BD-4EB0-8514-54030776A5DC} = {29A73D76-D132-4268-9E39-C2B9138D6584}
		{FE3F0FE4-7934-4025-BC0B-C2CA3FA50FD4} = {4C9204E7-86B7-4EBF-9350-E5FA57931CC7}
		{157C30CA-96EC-41C9-9138-929339735D5D} = {7625578D-3775-4783-9360-D8D97C5BFE3B}
		{C0276C3A-7164-49D1-BA0D-B566CB12C1AC} = {DBE475A1-1010-45FA-A587-A4030B72693B}
	EndGlobalSection
	GlobalSection(ExtensibilityGlobals) = postSolution
		SolutionGuid = {22918284-F192-4785-9A60-CCBD0AF090B4}
	EndGlobalSection
EndGlobal
